
Microsoft Visual Studio Solution File, Format Version 12.00
# Visual Studio Version 17
VisualStudioVersion = 17.3.32922.545
MinimumVisualStudioVersion = 10.0.40219.1
Project("{FAE04EC0-301F-11D3-BF4B-00C04F79EFBC}") = "2033210506-HaDucChung-Buoi5", "2033210506-HaDucChung-Buoi5\2033210506-HaDucChung-Buoi5.csproj", "{B1859B84-8F23-42FF-A62B-685B2391E231}"
EndProject
Global
	GlobalSection(SolutionConfigurationPlatforms) = preSolution
		Debug|Any CPU = Debug|Any CPU
		Release|Any CPU = Release|Any CPU
	EndGlobalSection
	GlobalSection(ProjectConfigurationPlatforms) = postSolution
		{B1859B84-8F23-42FF-A62B-685B2391E231}.Debug|Any CPU.ActiveCfg = Debug|Any CPU
		{B1859B84-8F23-42FF-A62B-685B2391E231}.Debug|Any CPU.Build.0 = Debug|Any CPU
		{B1859B84-8F23-42FF-A62B-685B2391E231}.Release|Any CPU.ActiveCfg = Release|Any CPU
		{B1859B84-8F23-42FF-A62B-685B2391E231}.Release|Any CPU.Build.0 = Release|Any CPU
	EndGlobalSection
	GlobalSection(SolutionProperties) = preSolution
		HideSolutionNode = FALSE
	EndGlobalSection
	GlobalSection(ExtensibilityGlobals) = postSolution
		SolutionGuid = {86BA938D-9F4B-405F-8691-C856D195F2E4}
	EndGlobalSection
EndGlobal
